{
    "_meta": {
        "hash": {
            "sha256": "6fe32db1d235b411faa588099a9d0fe5c78c92ef70ad7cca66804bd5a5669cb6"
        },
        "pipfile-spec": 6,
        "requires": {
            "python_version": "3.10"
        },
        "sources": [
            {
                "name": "pypi",
                "url": "https://pypi.org/simple",
                "verify_ssl": true
            }
        ]
    },
    "default": {
        "decorator": {
            "hashes": [
                "sha256:637996211036b6385ef91435e4fae22989472f9d571faba8927ba8253acbc330",
                "sha256:b8c3f85900b9dc423225913c5aace94729fe1fa9763b38939a95226f02d37186"
            ],
            "markers": "python_version >= '3.5'",
            "version": "==5.1.1"
        },
        "self": {
            "hashes": [
                "sha256:a0c408138257e0ba6188f2a7ad80cb3f61c3e48c3f85d1f973a160f6f887dc53"
            ],
            "index": "pypi",
            "version": "==2020.12.3"
        }
    },
    "develop": {}
}
